
Microsoft Visual Studio Solution File, Format Version 12.00
# Visual Studio Version 17
VisualStudioVersion = 17.2.32616.157
MinimumVisualStudioVersion = 10.0.40219.1
Project("{FAE04EC0-301F-11D3-BF4B-00C04F79EFBC}") = "BinaryNumberHelper", "BinaryNumberHelper\BinaryNumberHelper.csproj", "{185DDC3C-10C7-41B9-8387-8847417D3EE6}"
EndProject
Global
	GlobalSection(SolutionConfigurationPlatforms) = preSolution
		Debug|Any CPU = Debug|Any CPU
		Release|Any CPU = Release|Any CPU
	EndGlobalSection
	GlobalSection(ProjectConfigurationPlatforms) = postSolution
		{185DDC3C-10C7-41B9-8387-8847417D3EE6}.Debug|Any CPU.ActiveCfg = Debug|Any CPU
		{185DDC3C-10C7-41B9-8387-8847417D3EE6}.Debug|Any CPU.Build.0 = Debug|Any CPU
		{185DDC3C-10C7-41B9-8387-8847417D3EE6}.Release|Any CPU.ActiveCfg = Release|Any CPU
		{185DDC3C-10C7-41B9-8387-8847417D3EE6}.Release|Any CPU.Build.0 = Release|Any CPU
	EndGlobalSection
	GlobalSection(SolutionProperties) = preSolution
		HideSolutionNode = FALSE
	EndGlobalSection
	GlobalSection(ExtensibilityGlobals) = postSolution
		SolutionGuid = {8B149E71-9E3C-4C7A-A8DC-D93515F08F41}
	EndGlobalSection
EndGlobal
